
Microsoft Visual Studio Solution File, Format Version 12.00
# Visual Studio Version 17
VisualStudioVersion = 17.8.34330.188
MinimumVisualStudioVersion = 10.0.40219.1
Project("{FAE04EC0-301F-11D3-BF4B-00C04F79EFBC}") = "Lab5", "Lab5\Lab5.csproj", "{8B1FA7C4-A814-483C-8BDA-396D88B9872B}"
EndProject
Global
	GlobalSection(SolutionConfigurationPlatforms) = preSolution
		Debug|Any CPU = Debug|Any CPU
		Release|Any CPU = Release|Any CPU
	EndGlobalSection
	GlobalSection(ProjectConfigurationPlatforms) = postSolution
		{8B1FA7C4-A814-483C-8BDA-396D88B9872B}.Debug|Any CPU.ActiveCfg = Debug|Any CPU
		{8B1FA7C4-A814-483C-8BDA-396D88B9872B}.Debug|Any CPU.Build.0 = Debug|Any CPU
		{8B1FA7C4-A814-483C-8BDA-396D88B9872B}.Release|Any CPU.ActiveCfg = Release|Any CPU
		{8B1FA7C4-A814-483C-8BDA-396D88B9872B}.Release|Any CPU.Build.0 = Release|Any CPU
	EndGlobalSection
	GlobalSection(SolutionProperties) = preSolution
		HideSolutionNode = FALSE
	EndGlobalSection
	GlobalSection(ExtensibilityGlobals) = postSolution
		SolutionGuid = {40957C5C-A721-4AFC-BC12-EBDEF5D2A0DA}
	EndGlobalSection
EndGlobal
